
Microsoft Visual Studio Solution File, Format Version 12.00
# Visual Studio 15
VisualStudioVersion = 15.0.27703.2018
MinimumVisualStudioVersion = 10.0.40219.1
Project("{FAE04EC0-301F-11D3-BF4B-00C04F79EFBC}") = "VyooFlix", "VyooFlix\VyooFlix.csproj", "{4D28C4B3-5CAE-4F15-974F-3D1D05F101AF}"
EndProject
Global
	GlobalSection(SolutionConfigurationPlatforms) = preSolution
		Debug|Any CPU = Debug|Any CPU
		Release|Any CPU = Release|Any CPU
	EndGlobalSection
	GlobalSection(ProjectConfigurationPlatforms) = postSolution
		{4D28C4B3-5CAE-4F15-974F-3D1D05F101AF}.Debug|Any CPU.ActiveCfg = Debug|Any CPU
		{4D28C4B3-5CAE-4F15-974F-3D1D05F101AF}.Debug|Any CPU.Build.0 = Debug|Any CPU
		{4D28C4B3-5CAE-4F15-974F-3D1D05F101AF}.Release|Any CPU.ActiveCfg = Release|Any CPU
		{4D28C4B3-5CAE-4F15-974F-3D1D05F101AF}.Release|Any CPU.Build.0 = Release|Any CPU
	EndGlobalSection
	GlobalSection(SolutionProperties) = preSolution
		HideSolutionNode = FALSE
	EndGlobalSection
	GlobalSection(ExtensibilityGlobals) = postSolution
		SolutionGuid = {1E649617-D5E8-4D8D-8E61-FD183529FD24}
	EndGlobalSection
EndGlobal
